// !$*UTF8*$!
{
	archiveVersion = 1;
	classes = {
	};
	objectVersion = 46;
	objects = {

/* Begin PBXBuildFile section */
		1ACAF04A1FE981B300E17F36 /* main.m in Sources */ = {isa = PBXBuildFile; fileRef = 1ACAF0491FE981B300E17F36 /* main.m */; };
		1ACAF04D1FE981B300E17F36 /* AppDelegate.m in Sources */ = {isa = PBXBuildFile; fileRef = 1ACAF04C1FE981B300E17F36 /* AppDelegate.m */; };
		1ACAF0501FE981B300E17F36 /* ViewController.m in Sources */ = {isa = PBXBuildFile; fileRef = 1ACAF04F1FE981B300E17F36 /* ViewController.m */; };
		1ACAF0531FE981B300E17F36 /* Main.storyboard in Resources */ = {isa = PBXBuildFile; fileRef = 1ACAF0511FE981B300E17F36 /* Main.storyboard */; };
		1ACAF0551FE981B300E17F36 /* Assets.xcassets in Resources */ = {isa = PBXBuildFile; fileRef = 1ACAF0541FE981B300E17F36 /* Assets.xcassets */; };
		1ACAF0581FE981B300E17F36 /* LaunchScreen.storyboard in Resources */ = {isa = PBXBuildFile; fileRef = 1ACAF0561FE981B300E17F36 /* LaunchScreen.storyboard */; };
		1ACAF0DD1FEA92EC00E17F36 /* Receiver.m in Sources */ = {isa = PBXBuildFile; fileRef = 1ACAF0DC1FEA92EC00E17F36 /* Receiver.m */; };
		1ACAF0E11FEA96ED00E17F36 /* DarkerCommand.m in Sources */ = {isa = PBXBuildFile; fileRef = 1ACAF0E01FEA96ED00E17F36 /* DarkerCommand.m */; };
		1ACAF0E41FEA96FA00E17F36 /* LighterCommand.m in Sources */ = {isa = PBXBuildFile; fileRef = 1ACAF0E31FEA96FA00E17F36 /* LighterCommand.m */; };
		1ACAF0E71FEA992E00E17F36 /* Invoker.m in Sources */ = {isa = PBXBuildFile; fileRef = 1ACAF0E61FEA992E00E17F36 /* Invoker.m */; };
/* End PBXBuildFile section */

/* Begin PBXFileReference section */
		1ACAF0451FE981B300E17F36 /* 命令模式.app */ = {isa = PBXFileReference; explicitFileType = wrapper.application; includeInIndex = 0; path = "命令模式.app"; sourceTree = BUILT_PRODUCTS_DIR; };
		1ACAF0491FE981B300E17F36 /* main.m */ = {isa = PBXFileReference; lastKnownFileType = sourcecode.c.objc; path = main.m; sourceTree = "<group>"; };
		1ACAF04B1FE981B300E17F36 /* AppDelegate.h */ = {isa = PBXFileReference; lastKnownFileType = sourcecode.c.h; path = AppDelegate.h; sourceTree = "<group>"; };
		1ACAF04C1FE981B300E17F36 /* AppDelegate.m */ = {isa = PBXFileReference; lastKnownFileType = sourcecode.c.objc; path = AppDelegate.m; sourceTree = "<group>"; };
		1ACAF04E1FE981B300E17F36 /* ViewController.h */ = {isa = PBXFileReference; lastKnownFileType = sourcecode.c.h; path = ViewController.h; sourceTree = "<group>"; };
		1ACAF04F1FE981B300E17F36 /* ViewController.m */ = {isa = PBXFileReference; lastKnownFileType = sourcecode.c.objc; path = ViewController.m; sourceTree = "<group>"; };
		1ACAF0521FE981B300E17F36 /* Base */ = {isa = PBXFileReference; lastKnownFileType = file.storyboard; name = Base; path = Base.lproj/Main.storyboard; sourceTree = "<group>"; };
		1ACAF0541FE981B300E17F36 /* Assets.xcassets */ = {isa = PBXFileReference; lastKnownFileType = folder.assetcatalog; path = Assets.xcassets; sourceTree = "<group>"; };
		1ACAF0571FE981B300E17F36 /* Base */ = {isa = PBXFileReference; lastKnownFileType = file.storyboard; name = Base; path = Base.lproj/LaunchScreen.storyboard; sourceTree = "<group>"; };
		1ACAF0591FE981B300E17F36 /* Info.plist */ = {isa = PBXFileReference; lastKnownFileType = text.plist.xml; path = Info.plist; sourceTree = "<group>"; };
		1ACAF0DB1FEA92EC00E17F36 /* Receiver.h */ = {isa = PBXFileReference; fileEncoding = 4; lastKnownFileType = sourcecode.c.h; path = Receiver.h; sourceTree = "<group>"; };
		1ACAF0DC1FEA92EC00E17F36 /* Receiver.m */ = {isa = PBXFileReference; fileEncoding = 4; lastKnownFileType = sourcecode.c.objc; path = Receiver.m; sourceTree = "<group>"; };
		1ACAF0DE1FEA968E00E17F36 /* CommandProtocol.h */ = {isa = PBXFileReference; fileEncoding = 4; lastKnownFileType = sourcecode.c.h; path = CommandProtocol.h; sourceTree = "<group>"; };
		1ACAF0DF1FEA96ED00E17F36 /* DarkerCommand.h */ = {isa = PBXFileReference; fileEncoding = 4; lastKnownFileType = sourcecode.c.h; path = DarkerCommand.h; sourceTree = "<group>"; };
		1ACAF0E01FEA96ED00E17F36 /* DarkerCommand.m */ = {isa = PBXFileReference; fileEncoding = 4; lastKnownFileType = sourcecode.c.objc; path = DarkerCommand.m; sourceTree = "<group>"; };
		1ACAF0E21FEA96FA00E17F36 /* LighterCommand.h */ = {isa = PBXFileReference; fileEncoding = 4; lastKnownFileType = sourcecode.c.h; path = LighterCommand.h; sourceTree = "<group>"; };
		1ACAF0E31FEA96FA00E17F36 /* LighterCommand.m */ = {isa = PBXFileReference; fileEncoding = 4; lastKnownFileType = sourcecode.c.objc; path = LighterCommand.m; sourceTree = "<group>"; };
		1ACAF0E51FEA992E00E17F36 /* Invoker.h */ = {isa = PBXFileReference; fileEncoding = 4; lastKnownFileType = sourcecode.c.h; path = Invoker.h; sourceTree = "<group>"; };
		1ACAF0E61FEA992E00E17F36 /* Invoker.m */ = {isa = PBXFileReference; fileEncoding = 4; lastKnownFileType = sourcecode.c.objc; path = Invoker.m; sourceTree = "<group>"; };
/* End PBXFileReference section */

/* Begin PBXFrameworksBuildPhase section */
		1ACAF0421FE981B300E17F36 /* Frameworks */ = {
			isa = PBXFrameworksBuildPhase;
			buildActionMask = 2147483647;
			files = (
			);
			runOnlyForDeploymentPostprocessing = 0;
		};
/* End PBXFrameworksBuildPhase section */

/* Begin PBXGroup section */
		1ACAF03C1FE981B300E17F36 = {
			isa = PBXGroup;
			children = (
				1ACAF0471FE981B300E17F36 /* 命令模式 */,
				1ACAF0461FE981B300E17F36 /* Products */,
			);
			sourceTree = "<group>";
		};
		1ACAF0461FE981B300E17F36 /* Products */ = {
			isa = PBXGroup;
			children = (
				1ACAF0451FE981B300E17F36 /* 命令模式.app */,
			);
			name = Products;
			sourceTree = "<group>";
		};
		1ACAF0471FE981B300E17F36 /* 命令模式 */ = {
			isa = PBXGroup;
			children = (
				1ACAF04B1FE981B300E17F36 /* AppDelegate.h */,
				1ACAF04C1FE981B300E17F36 /* AppDelegate.m */,
				1ACAF04E1FE981B300E17F36 /* ViewController.h */,
				1ACAF04F1FE981B300E17F36 /* ViewController.m */,
				1ACAF0DE1FEA968E00E17F36 /* CommandProtocol.h */,
				1ACAF0DF1FEA96ED00E17F36 /* DarkerCommand.h */,
				1ACAF0E01FEA96ED00E17F36 /* DarkerCommand.m */,
				1ACAF0E21FEA96FA00E17F36 /* LighterCommand.h */,
				1ACAF0E31FEA96FA00E17F36 /* LighterCommand.m */,
				1ACAF0E51FEA992E00E17F36 /* Invoker.h */,
				1ACAF0E61FEA992E00E17F36 /* Invoker.m */,
				1ACAF0DB1FEA92EC00E17F36 /* Receiver.h */,
				1ACAF0DC1FEA92EC00E17F36 /* Receiver.m */,
				1ACAF0511FE981B300E17F36 /* Main.storyboard */,
				1ACAF0541FE981B300E17F36 /* Assets.xcassets */,
				1ACAF0561FE981B300E17F36 /* LaunchScreen.storyboard */,
				1ACAF0591FE981B300E17F36 /* Info.plist */,
				1ACAF0481FE981B300E17F36 /* Supporting Files */,
			);
			path = "命令模式";
			sourceTree = "<group>";
		};
		1ACAF0481FE981B300E17F36 /* Supporting Files */ = {
			isa = PBXGroup;
			children = (
				1ACAF0491FE981B300E17F36 /* main.m */,
			);
			name = "Supporting Files";
			sourceTree = "<group>";
		};
/* End PBXGroup section */

/* Begin PBXNativeTarget section */
		1ACAF0441FE981B300E17F36 /* 命令模式 */ = {
			isa = PBXNativeTarget;
			buildConfigurationList = 1ACAF05C1FE981B300E17F36 /* Build configuration list for PBXNativeTarget "命令模式" */;
			buildPhases = (
				1ACAF0411FE981B300E17F36 /* Sources */,
				1ACAF0421FE981B300E17F36 /* Frameworks */,
				1ACAF0431FE981B300E17F36 /* Resources */,
			);
			buildRules = (
			);
			dependencies = (
			);
			name = "命令模式";
			productName = "命令模式";
			productReference = 1ACAF0451FE981B300E17F36 /* 命令模式.app */;
			productType = "com.apple.product-type.application";
		};
/* End PBXNativeTarget section */

/* Begin PBXProject section */
		1ACAF03D1FE981B300E17F36 /* Project object */ = {
			isa = PBXProject;
			attributes = {
				LastUpgradeCheck = 0830;
				ORGANIZATIONNAME = TZ;
				TargetAttributes = {
					1ACAF0441FE981B300E17F36 = {
						CreatedOnToolsVersion = 8.3.3;
						ProvisioningStyle = Automatic;
					};
				};
			};
			buildConfigurationList = 1ACAF0401FE981B300E17F36 /* Build configuration list for PBXProject "命令模式" */;
			compatibilityVersion = "Xcode 3.2";
			developmentRegion = English;
			hasScannedForEncodings = 0;
			knownRegions = (
				en,
				Base,
			);
			mainGroup = 1ACAF03C1FE981B300E17F36;
			productRefGroup = 1ACAF0461FE981B300E17F36 /* Products */;
			projectDirPath = "";
			projectRoot = "";
			targets = (
				1ACAF0441FE981B300E17F36 /* 命令模式 */,
			);
		};
/* End PBXProject section */

/* Begin PBXResourcesBuildPhase section */
		1ACAF0431FE981B300E17F36 /* Resources */ = {
			isa = PBXResourcesBuildPhase;
			buildActionMask = 2147483647;
			files = (
				1ACAF0581FE981B300E17F36 /* LaunchScreen.storyboard in Resources */,
				1ACAF0551FE981B300E17F36 /* Assets.xcassets in Resources */,
				1ACAF0531FE981B300E17F36 /* Main.storyboard in Resources */,
			);
			runOnlyForDeploymentPostprocessing = 0;
		};
/* End PBXResourcesBuildPhase section */

/* Begin PBXSourcesBuildPhase section */
		1ACAF0411FE981B300E17F36 /* Sources */ = {
			isa = PBXSourcesBuildPhase;
			buildActionMask = 2147483647;
			files = (
				1ACAF0E71FEA992E00E17F36 /* Invoker.m in Sources */,
				1ACAF0501FE981B300E17F36 /* ViewController.m in Sources */,
				1ACAF0E11FEA96ED00E17F36 /* DarkerCommand.m in Sources */,
				1ACAF04D1FE981B300E17F36 /* AppDelegate.m in Sources */,
				1ACAF0E41FEA96FA00E17F36 /* LighterCommand.m in Sources */,
				1ACAF0DD1FEA92EC00E17F36 /* Receiver.m in Sources */,
				1ACAF04A1FE981B300E17F36 /* main.m in Sources */,
			);
			runOnlyForDeploymentPostprocessing = 0;
		};
/* End PBXSourcesBuildPhase section */

/* Begin PBXVariantGroup section */
		1ACAF0511FE981B300E17F36 /* Main.storyboard */ = {
			isa = PBXVariantGroup;
			children = (
				1ACAF0521FE981B300E17F36 /* Base */,
			);
			name = Main.storyboard;
			sourceTree = "<group>";
		};
		1ACAF0561FE981B300E17F36 /* LaunchScreen.storyboard */ = {
			isa = PBXVariantGroup;
			children = (
				1ACAF0571FE981B300E17F36 /* Base */,
			);
			name = LaunchScreen.storyboard;
			sourceTree = "<group>";
		};
/* End PBXVariantGroup section */

/* Begin XCBuildConfiguration section */
		1ACAF05A1FE981B300E17F36 /* Debug */ = {
			isa = XCBuildConfiguration;
			buildSettings = {
				ALWAYS_SEARCH_USER_PATHS = NO;
				CLANG_ANALYZER_NONNULL = YES;
				CLANG_ANALYZER_NUMBER_OBJECT_CONVERSION = YES_AGGRESSIVE;
				CLANG_CXX_LANGUAGE_STANDARD = "gnu++0x";
				CLANG_CXX_LIBRARY = "libc++";
				CLANG_ENABLE_MODULES = YES;
				CLANG_ENABLE_OBJC_ARC = YES;
				CLANG_WARN_BOOL_CONVERSION = YES;
				CLANG_WARN_CONSTANT_CONVERSION = YES;
				CLANG_WARN_DIRECT_OBJC_ISA_USAGE = YES_ERROR;
				CLANG_WARN_DOCUMENTATION_COMMENTS = YES;
				CLANG_WARN_EMPTY_BODY = YES;
				CLANG_WARN_ENUM_CONVERSION = YES;
				CLANG_WARN_INFINITE_RECURSION = YES;
				CLANG_WARN_INT_CONVERSION = YES;
				CLANG_WARN_OBJC_ROOT_CLASS = YES_ERROR;
				CLANG_WARN_SUSPICIOUS_MOVE = YES;
				CLANG_WARN_UNREACHABLE_CODE = YES;
				CLANG_WARN__DUPLICATE_METHOD_MATCH = YES;
				"CODE_SIGN_IDENTITY[sdk=iphoneos*]" = "iPhone Developer";
				COPY_PHASE_STRIP = NO;
				DEBUG_INFORMATION_FORMAT = dwarf;
				ENABLE_STRICT_OBJC_MSGSEND = YES;
				ENABLE_TESTABILITY = YES;
				GCC_C_LANGUAGE_STANDARD = gnu99;
				GCC_DYNAMIC_NO_PIC = NO;
				GCC_NO_COMMON_BLOCKS = YES;
				GCC_OPTIMIZATION_LEVEL = 0;
				GCC_PREPROCESSOR_DEFINITIONS = (
					"DEBUG=1",
					"$(inherited)",
				);
				GCC_WARN_64_TO_32_BIT_CONVERSION = YES;
				GCC_WARN_ABOUT_RETURN_TYPE = YES_ERROR;
				GCC_WARN_UNDECLARED_SELECTOR = YES;
				GCC_WARN_UNINITIALIZED_AUTOS = YES_AGGRESSIVE;
				GCC_WARN_UNUSED_FUNCTION = YES;
				GCC_WARN_UNUSED_VARIABLE = YES;
				IPHONEOS_DEPLOYMENT_TARGET = 10.3;
				MTL_ENABLE_DEBUG_INFO = YES;
				ONLY_ACTIVE_ARCH = YES;
				SDKROOT = iphoneos;
				TARGETED_DEVICE_FAMILY = "1,2";
			};
			name = Debug;
		};
		1ACAF05B1FE981B300E17F36 /* Release */ = {
			isa = XCBuildConfiguration;
			buildSettings = {
				ALWAYS_SEARCH_USER_PATHS = NO;
				CLANG_ANALYZER_NONNULL = YES;
				CLANG_ANALYZER_NUMBER_OBJECT_CONVERSION = YES_AGGRESSIVE;
				CLANG_CXX_LANGUAGE_STANDARD = "gnu++0x";
				CLANG_CXX_LIBRARY = "libc++";
				CLANG_ENABLE_MODULES = YES;
				CLANG_ENABLE_OBJC_ARC = YES;
				CLANG_WARN_BOOL_CONVERSION = YES;
				CLANG_WARN_CONSTANT_CONVERSION = YES;
				CLANG_WARN_DIRECT_OBJC_ISA_USAGE = YES_ERROR;
				CLANG_WARN_DOCUMENTATION_COMMENTS = YES;
				CLANG_WARN_EMPTY_BODY = YES;
				CLANG_WARN_ENUM_CONVERSION = YES;
				CLANG_WARN_INFINITE_RECURSION = YES;
				CLANG_WARN_INT_CONVERSION = YES;
				CLANG_WARN_OBJC_ROOT_CLASS = YES_ERROR;
				CLANG_WARN_SUSPICIOUS_MOVE = YES;
				CLANG_WARN_UNREACHABLE_CODE = YES;
				CLANG_WARN__DUPLICATE_METHOD_MATCH = YES;
				"CODE_SIGN_IDENTITY[sdk=iphoneos*]" = "iPhone Developer";
				COPY_PHASE_STRIP = NO;
				DEBUG_INFORMATION_FORMAT = "dwarf-with-dsym";
				ENABLE_NS_ASSERTIONS = NO;
				ENABLE_STRICT_OBJC_MSGSEND = YES;
				GCC_C_LANGUAGE_STANDARD = gnu99;
				GCC_NO_COMMON_BLOCKS = YES;
				GCC_WARN_64_TO_32_BIT_CONVERSION = YES;
				GCC_WARN_ABOUT_RETURN_TYPE = YES_ERROR;
				GCC_WARN_UNDECLARED_SELECTOR = YES;
				GCC_WARN_UNINITIALIZED_AUTOS = YES_AGGRESSIVE;
				GCC_WARN_UNUSED_FUNCTION = YES;
				GCC_WARN_UNUSED_VARIABLE = YES;
				IPHONEOS_DEPLOYMENT_TARGET = 10.3;
				MTL_ENABLE_DEBUG_INFO = NO;
				SDKROOT = iphoneos;
				TARGETED_DEVICE_FAMILY = "1,2";
				VALIDATE_PRODUCT = YES;
			};
			name = Release;
		};
		1ACAF05D1FE981B300E17F36 /* Debug */ = {
			isa = XCBuildConfiguration;
			buildSettings = {
				ASSETCATALOG_COMPILER_APPICON_NAME = AppIcon;
				INFOPLIST_FILE = "命令模式/Info.plist";
				LD_RUNPATH_SEARCH_PATHS = "$(inherited) @executable_path/Frameworks";
				PRODUCT_BUNDLE_IDENTIFIER = "com.myApp.----";
				PRODUCT_NAME = "$(TARGET_NAME)";
			};
			name = Debug;
		};
		1ACAF05E1FE981B300E17F36 /* Release */ = {
			isa = XCBuildConfiguration;
			buildSettings = {
				ASSETCATALOG_COMPILER_APPICON_NAME = AppIcon;
				INFOPLIST_FILE = "命令模式/Info.plist";
				LD_RUNPATH_SEARCH_PATHS = "$(inherited) @executable_path/Frameworks";
				PRODUCT_BUNDLE_IDENTIFIER = "com.myApp.----";
				PRODUCT_NAME = "$(TARGET_NAME)";
			};
			name = Release;
		};
/* End XCBuildConfiguration section */

/* Begin XCConfigurationList section */
		1ACAF0401FE981B300E17F36 /* Build configuration list for PBXProject "命令模式" */ = {
			isa = XCConfigurationList;
			buildConfigurations = (
				1ACAF05A1FE981B300E17F36 /* Debug */,
				1ACAF05B1FE981B300E17F36 /* Release */,
			);
			defaultConfigurationIsVisible = 0;
			defaultConfigurationName = Release;
		};
		1ACAF05C1FE981B300E17F36 /* Build configuration list for PBXNativeTarget "命令模式" */ = {
			isa = XCConfigurationList;
			buildConfigurations = (
				1ACAF05D1FE981B300E17F36 /* Debug */,
				1ACAF05E1FE981B300E17F36 /* Release */,
			);
			defaultConfigurationIsVisible = 0;
			defaultConfigurationName = Release;
		};
/* End XCConfigurationList section */
	};
	rootObject = 1ACAF03D1FE981B300E17F36 /* Project object */;
}
